
Microsoft Visual Studio Solution File, Format Version 12.00
# Visual Studio Version 17
VisualStudioVersion = 17.4.33205.214
MinimumVisualStudioVersion = 10.0.40219.1
Project("{9A19103F-16F7-4668-BE54-9A1E7A4F7556}") = "CnRVoiceChat", "CnRVoiceChat\CnRVoiceChat.csproj", "{ECA63301-9AA4-4B82-8639-06D82F04B48E}"
EndProject
Project("{2150E333-8FDC-42A3-9474-1A3956D46DE8}") = "Çözüm Öğeleri", "Çözüm Öğeleri", "{60838D0C-B5C0-4FD5-ABD3-E8AD6D0B5725}"
EndProject
Global
	GlobalSection(SolutionConfigurationPlatforms) = preSolution
		Debug|Any CPU = Debug|Any CPU
		Release|Any CPU = Release|Any CPU
	EndGlobalSection
	GlobalSection(ProjectConfigurationPlatforms) = postSolution
		{ECA63301-9AA4-4B82-8639-06D82F04B48E}.Debug|Any CPU.ActiveCfg = Debug|Any CPU
		{ECA63301-9AA4-4B82-8639-06D82F04B48E}.Debug|Any CPU.Build.0 = Debug|Any CPU
		{ECA63301-9AA4-4B82-8639-06D82F04B48E}.Release|Any CPU.ActiveCfg = Release|Any CPU
		{ECA63301-9AA4-4B82-8639-06D82F04B48E}.Release|Any CPU.Build.0 = Release|Any CPU
	EndGlobalSection
	GlobalSection(SolutionProperties) = preSolution
		HideSolutionNode = FALSE
	EndGlobalSection
	GlobalSection(ExtensibilityGlobals) = postSolution
		SolutionGuid = {6A4E18EC-B28C-48F8-9270-926BB333579C}
	EndGlobalSection
EndGlobal
