
Microsoft Visual Studio Solution File, Format Version 12.00
# Visual Studio Version 17
VisualStudioVersion = 17.4.33205.214
MinimumVisualStudioVersion = 10.0.40219.1
Project("{9A19103F-16F7-4668-BE54-9A1E7A4F7556}") = "CnRVoiceChat", "Client\CnRVoiceChat\CnRVoiceChat.csproj", "{4A07D418-E1FB-49A3-9C7F-5528A546A8D4}"
EndProject
Project("{9A19103F-16F7-4668-BE54-9A1E7A4F7556}") = "VoiceServer", "Server\VoiceServer\VoiceServer.csproj", "{3637F018-2318-4C3C-9B49-AACC0446D3F8}"
EndProject
Global
	GlobalSection(SolutionConfigurationPlatforms) = preSolution
		Debug|Any CPU = Debug|Any CPU
		Release|Any CPU = Release|Any CPU
	EndGlobalSection
	GlobalSection(ProjectConfigurationPlatforms) = postSolution
		{4A07D418-E1FB-49A3-9C7F-5528A546A8D4}.Debug|Any CPU.ActiveCfg = Debug|Any CPU
		{4A07D418-E1FB-49A3-9C7F-5528A546A8D4}.Debug|Any CPU.Build.0 = Debug|Any CPU
		{4A07D418-E1FB-49A3-9C7F-5528A546A8D4}.Release|Any CPU.ActiveCfg = Release|Any CPU
		{4A07D418-E1FB-49A3-9C7F-5528A546A8D4}.Release|Any CPU.Build.0 = Release|Any CPU
		{3637F018-2318-4C3C-9B49-AACC0446D3F8}.Debug|Any CPU.ActiveCfg = Debug|Any CPU
		{3637F018-2318-4C3C-9B49-AACC0446D3F8}.Debug|Any CPU.Build.0 = Debug|Any CPU
		{3637F018-2318-4C3C-9B49-AACC0446D3F8}.Release|Any CPU.ActiveCfg = Release|Any CPU
		{3637F018-2318-4C3C-9B49-AACC0446D3F8}.Release|Any CPU.Build.0 = Release|Any CPU
	EndGlobalSection
	GlobalSection(SolutionProperties) = preSolution
		HideSolutionNode = FALSE
	EndGlobalSection
	GlobalSection(ExtensibilityGlobals) = postSolution
		SolutionGuid = {591CCC28-8454-453A-9C24-B554119D6F4A}
	EndGlobalSection
EndGlobal
